
Microsoft Visual Studio Solution File, Format Version 12.00
# Visual Studio Version 17
VisualStudioVersion = 17.0.32126.317
MinimumVisualStudioVersion = 10.0.40219.1
Project("{FAE04EC0-301F-11D3-BF4B-00C04F79EFBC}") = "TulentyTracker", "TulentyTracker\TulentyTracker.csproj", "{A86049CB-4303-461A-B47D-2F5BD9BAF7EA}"
EndProject
Global
	GlobalSection(SolutionConfigurationPlatforms) = preSolution
		Debug|Any CPU = Debug|Any CPU
		Release|Any CPU = Release|Any CPU
	EndGlobalSection
	GlobalSection(ProjectConfigurationPlatforms) = postSolution
		{A86049CB-4303-461A-B47D-2F5BD9BAF7EA}.Debug|Any CPU.ActiveCfg = Debug|Any CPU
		{A86049CB-4303-461A-B47D-2F5BD9BAF7EA}.Debug|Any CPU.Build.0 = Debug|Any CPU
		{A86049CB-4303-461A-B47D-2F5BD9BAF7EA}.Release|Any CPU.ActiveCfg = Release|Any CPU
		{A86049CB-4303-461A-B47D-2F5BD9BAF7EA}.Release|Any CPU.Build.0 = Release|Any CPU
	EndGlobalSection
	GlobalSection(SolutionProperties) = preSolution
		HideSolutionNode = FALSE
	EndGlobalSection
	GlobalSection(ExtensibilityGlobals) = postSolution
		SolutionGuid = {1DF66BDC-E550-456D-A79E-1A84D60CD708}
	EndGlobalSection
EndGlobal
